
Microsoft Visual Studio Solution File, Format Version 12.00
# Visual Studio 14
VisualStudioVersion = 14.0.24720.0
MinimumVisualStudioVersion = 10.0.40219.1
Project("{FAE04EC0-301F-11D3-BF4B-00C04F79EFBC}") = "Tehtava1", "Tehtava1\Tehtava1.csproj", "{BBFDB3F8-2232-4C51-A154-1DFFF2E75FE7}"
EndProject
Project("{FAE04EC0-301F-11D3-BF4B-00C04F79EFBC}") = "H1MediaPlayer", "H1MediaPlayer\H1MediaPlayer.csproj", "{ED54246B-E7B6-4D57-BEA6-48EEA16B43E6}"
EndProject
Project("{FAE04EC0-301F-11D3-BF4B-00C04F79EFBC}") = "H3MittausData", "H3MittausData\H3MittausData.csproj", "{8E18F019-4FFD-4202-9C73-0EA0DAE3521B}"
EndProject
Project("{FAE04EC0-301F-11D3-BF4B-00C04F79EFBC}") = "H5Movies", "H5movies\H5Movies.csproj", "{44BFEAB7-70BB-4823-A977-0617100103E6}"
EndProject
Project("{FAE04EC0-301F-11D3-BF4B-00C04F79EFBC}") = "H6Databinding", "H6Databinding\H6Databinding.csproj", "{FF656049-D90B-404A-8532-210F6407B5B2}"
EndProject
Project("{FAE04EC0-301F-11D3-BF4B-00C04F79EFBC}") = "H7ADONETConsole", "H7ADONETConsole\H7ADONETConsole.csproj", "{D1C2BFE1-EECB-47B1-826A-176F05C7E1AA}"
EndProject
Project("{FAE04EC0-301F-11D3-BF4B-00C04F79EFBC}") = "H8ADONETLasnaolotWPF", "H8ADONETLasnaolotWPF\H8ADONETLasnaolotWPF.csproj", "{95A4C7B8-BC48-44C9-8776-D415F47A6844}"
EndProject
Project("{FAE04EC0-301F-11D3-BF4B-00C04F79EFBC}") = "H9BookShop", "H9BookShop\H9BookShop.csproj", "{45D4BB1B-2708-42F9-92B5-A8D37EC4AAD4}"
EndProject
Global
	GlobalSection(SolutionConfigurationPlatforms) = preSolution
		Debug|Any CPU = Debug|Any CPU
		Release|Any CPU = Release|Any CPU
	EndGlobalSection
	GlobalSection(ProjectConfigurationPlatforms) = postSolution
		{BBFDB3F8-2232-4C51-A154-1DFFF2E75FE7}.Debug|Any CPU.ActiveCfg = Debug|Any CPU
		{BBFDB3F8-2232-4C51-A154-1DFFF2E75FE7}.Debug|Any CPU.Build.0 = Debug|Any CPU
		{BBFDB3F8-2232-4C51-A154-1DFFF2E75FE7}.Release|Any CPU.ActiveCfg = Release|Any CPU
		{BBFDB3F8-2232-4C51-A154-1DFFF2E75FE7}.Release|Any CPU.Build.0 = Release|Any CPU
		{ED54246B-E7B6-4D57-BEA6-48EEA16B43E6}.Debug|Any CPU.ActiveCfg = Debug|Any CPU
		{ED54246B-E7B6-4D57-BEA6-48EEA16B43E6}.Debug|Any CPU.Build.0 = Debug|Any CPU
		{ED54246B-E7B6-4D57-BEA6-48EEA16B43E6}.Release|Any CPU.ActiveCfg = Release|Any CPU
		{ED54246B-E7B6-4D57-BEA6-48EEA16B43E6}.Release|Any CPU.Build.0 = Release|Any CPU
		{8E18F019-4FFD-4202-9C73-0EA0DAE3521B}.Debug|Any CPU.ActiveCfg = Debug|Any CPU
		{8E18F019-4FFD-4202-9C73-0EA0DAE3521B}.Debug|Any CPU.Build.0 = Debug|Any CPU
		{8E18F019-4FFD-4202-9C73-0EA0DAE3521B}.Release|Any CPU.ActiveCfg = Release|Any CPU
		{8E18F019-4FFD-4202-9C73-0EA0DAE3521B}.Release|Any CPU.Build.0 = Release|Any CPU
		{44BFEAB7-70BB-4823-A977-0617100103E6}.Debug|Any CPU.ActiveCfg = Debug|Any CPU
		{44BFEAB7-70BB-4823-A977-0617100103E6}.Debug|Any CPU.Build.0 = Debug|Any CPU
		{44BFEAB7-70BB-4823-A977-0617100103E6}.Release|Any CPU.ActiveCfg = Release|Any CPU
		{44BFEAB7-70BB-4823-A977-0617100103E6}.Release|Any CPU.Build.0 = Release|Any CPU
		{FF656049-D90B-404A-8532-210F6407B5B2}.Debug|Any CPU.ActiveCfg = Debug|Any CPU
		{FF656049-D90B-404A-8532-210F6407B5B2}.Debug|Any CPU.Build.0 = Debug|Any CPU
		{FF656049-D90B-404A-8532-210F6407B5B2}.Release|Any CPU.ActiveCfg = Release|Any CPU
		{FF656049-D90B-404A-8532-210F6407B5B2}.Release|Any CPU.Build.0 = Release|Any CPU
		{D1C2BFE1-EECB-47B1-826A-176F05C7E1AA}.Debug|Any CPU.ActiveCfg = Debug|Any CPU
		{D1C2BFE1-EECB-47B1-826A-176F05C7E1AA}.Debug|Any CPU.Build.0 = Debug|Any CPU
		{D1C2BFE1-EECB-47B1-826A-176F05C7E1AA}.Release|Any CPU.ActiveCfg = Release|Any CPU
		{D1C2BFE1-EECB-47B1-826A-176F05C7E1AA}.Release|Any CPU.Build.0 = Release|Any CPU
		{95A4C7B8-BC48-44C9-8776-D415F47A6844}.Debug|Any CPU.ActiveCfg = Debug|Any CPU
		{95A4C7B8-BC48-44C9-8776-D415F47A6844}.Debug|Any CPU.Build.0 = Debug|Any CPU
		{95A4C7B8-BC48-44C9-8776-D415F47A6844}.Release|Any CPU.ActiveCfg = Release|Any CPU
		{95A4C7B8-BC48-44C9-8776-D415F47A6844}.Release|Any CPU.Build.0 = Release|Any CPU
		{45D4BB1B-2708-42F9-92B5-A8D37EC4AAD4}.Debug|Any CPU.ActiveCfg = Debug|Any CPU
		{45D4BB1B-2708-42F9-92B5-A8D37EC4AAD4}.Debug|Any CPU.Build.0 = Debug|Any CPU
		{45D4BB1B-2708-42F9-92B5-A8D37EC4AAD4}.Release|Any CPU.ActiveCfg = Release|Any CPU
		{45D4BB1B-2708-42F9-92B5-A8D37EC4AAD4}.Release|Any CPU.Build.0 = Release|Any CPU
	EndGlobalSection
	GlobalSection(SolutionProperties) = preSolution
		HideSolutionNode = FALSE
	EndGlobalSection
EndGlobal
